
Microsoft Visual Studio Solution File, Format Version 12.00
# Visual Studio 15
VisualStudioVersion = 15.0.26124.0
MinimumVisualStudioVersion = 15.0.26124.0
Project("{FAE04EC0-301F-11D3-BF4B-00C04F79EFBC}") = "BitGoo", "BitGoo\BitGoo.csproj", "{0350DF9D-44D1-41EE-A185-20BB6106EAB9}"
EndProject
Project("{FAE04EC0-301F-11D3-BF4B-00C04F79EFBC}") = "BitGoo.Bench", "BitGoo.Bench\BitGoo.Bench.csproj", "{B9646B27-DFE8-4DF1-99B6-AE31E3E49877}"
EndProject
Project("{FAE04EC0-301F-11D3-BF4B-00C04F79EFBC}") = "BitGoo.Tests", "BitGoo.Tests\BitGoo.Tests.csproj", "{6841204B-ABE6-4FBE-A4A8-6E2F189B9935}"
EndProject
Global
	GlobalSection(SolutionConfigurationPlatforms) = preSolution
		Debug|Any CPU = Debug|Any CPU
		Debug|x64 = Debug|x64
		Debug|x86 = Debug|x86
		Release|Any CPU = Release|Any CPU
		Release|x64 = Release|x64
		Release|x86 = Release|x86
	EndGlobalSection
	GlobalSection(SolutionProperties) = preSolution
		HideSolutionNode = FALSE
	EndGlobalSection
	GlobalSection(ProjectConfigurationPlatforms) = postSolution
		{0350DF9D-44D1-41EE-A185-20BB6106EAB9}.Debug|Any CPU.ActiveCfg = Debug|Any CPU
		{0350DF9D-44D1-41EE-A185-20BB6106EAB9}.Debug|Any CPU.Build.0 = Debug|Any CPU
		{0350DF9D-44D1-41EE-A185-20BB6106EAB9}.Debug|x64.ActiveCfg = Debug|Any CPU
		{0350DF9D-44D1-41EE-A185-20BB6106EAB9}.Debug|x64.Build.0 = Debug|Any CPU
		{0350DF9D-44D1-41EE-A185-20BB6106EAB9}.Debug|x86.ActiveCfg = Debug|Any CPU
		{0350DF9D-44D1-41EE-A185-20BB6106EAB9}.Debug|x86.Build.0 = Debug|Any CPU
		{0350DF9D-44D1-41EE-A185-20BB6106EAB9}.Release|Any CPU.ActiveCfg = Release|Any CPU
		{0350DF9D-44D1-41EE-A185-20BB6106EAB9}.Release|Any CPU.Build.0 = Release|Any CPU
		{0350DF9D-44D1-41EE-A185-20BB6106EAB9}.Release|x64.ActiveCfg = Release|Any CPU
		{0350DF9D-44D1-41EE-A185-20BB6106EAB9}.Release|x64.Build.0 = Release|Any CPU
		{0350DF9D-44D1-41EE-A185-20BB6106EAB9}.Release|x86.ActiveCfg = Release|Any CPU
		{0350DF9D-44D1-41EE-A185-20BB6106EAB9}.Release|x86.Build.0 = Release|Any CPU
		{B9646B27-DFE8-4DF1-99B6-AE31E3E49877}.Debug|Any CPU.ActiveCfg = Debug|Any CPU
		{B9646B27-DFE8-4DF1-99B6-AE31E3E49877}.Debug|Any CPU.Build.0 = Debug|Any CPU
		{B9646B27-DFE8-4DF1-99B6-AE31E3E49877}.Debug|x64.ActiveCfg = Debug|Any CPU
		{B9646B27-DFE8-4DF1-99B6-AE31E3E49877}.Debug|x64.Build.0 = Debug|Any CPU
		{B9646B27-DFE8-4DF1-99B6-AE31E3E49877}.Debug|x86.ActiveCfg = Debug|Any CPU
		{B9646B27-DFE8-4DF1-99B6-AE31E3E49877}.Debug|x86.Build.0 = Debug|Any CPU
		{B9646B27-DFE8-4DF1-99B6-AE31E3E49877}.Release|Any CPU.ActiveCfg = Release|Any CPU
		{B9646B27-DFE8-4DF1-99B6-AE31E3E49877}.Release|Any CPU.Build.0 = Release|Any CPU
		{B9646B27-DFE8-4DF1-99B6-AE31E3E49877}.Release|x64.ActiveCfg = Release|Any CPU
		{B9646B27-DFE8-4DF1-99B6-AE31E3E49877}.Release|x64.Build.0 = Release|Any CPU
		{B9646B27-DFE8-4DF1-99B6-AE31E3E49877}.Release|x86.ActiveCfg = Release|Any CPU
		{B9646B27-DFE8-4DF1-99B6-AE31E3E49877}.Release|x86.Build.0 = Release|Any CPU
		{6841204B-ABE6-4FBE-A4A8-6E2F189B9935}.Debug|Any CPU.ActiveCfg = Debug|Any CPU
		{6841204B-ABE6-4FBE-A4A8-6E2F189B9935}.Debug|Any CPU.Build.0 = Debug|Any CPU
		{6841204B-ABE6-4FBE-A4A8-6E2F189B9935}.Debug|x64.ActiveCfg = Debug|Any CPU
		{6841204B-ABE6-4FBE-A4A8-6E2F189B9935}.Debug|x64.Build.0 = Debug|Any CPU
		{6841204B-ABE6-4FBE-A4A8-6E2F189B9935}.Debug|x86.ActiveCfg = Debug|Any CPU
		{6841204B-ABE6-4FBE-A4A8-6E2F189B9935}.Debug|x86.Build.0 = Debug|Any CPU
		{6841204B-ABE6-4FBE-A4A8-6E2F189B9935}.Release|Any CPU.ActiveCfg = Release|Any CPU
		{6841204B-ABE6-4FBE-A4A8-6E2F189B9935}.Release|Any CPU.Build.0 = Release|Any CPU
		{6841204B-ABE6-4FBE-A4A8-6E2F189B9935}.Release|x64.ActiveCfg = Release|Any CPU
		{6841204B-ABE6-4FBE-A4A8-6E2F189B9935}.Release|x64.Build.0 = Release|Any CPU
		{6841204B-ABE6-4FBE-A4A8-6E2F189B9935}.Release|x86.ActiveCfg = Release|Any CPU
		{6841204B-ABE6-4FBE-A4A8-6E2F189B9935}.Release|x86.Build.0 = Release|Any CPU
	EndGlobalSection
EndGlobal
